# THIS IS AN AUTOGENERATED FILE. DO NOT EDIT THIS FILE DIRECTLY.
# yarn lockfile v1


"@netlify/functions@^1.0.0":
  version "1.0.0"
  resolved "https://registry.yarnpkg.com/@netlify/functions/-/functions-1.0.0.tgz#5b6c02fafc567033c93b15a080cc021e5f10f254"
  integrity sha512-7fnJv3vr8uyyyOYPChwoec6MjzsCw1CoRUO2DhQ1BD6bOyJRlD4DUaOOGlMILB2LCT8P24p5LexEGx8AJb7xdA==
  dependencies:
    is-promise "^4.0.0"

"@types/node@^18.0.3":
  version "18.0.3"
  resolved "https://registry.yarnpkg.com/@types/node/-/node-18.0.3.tgz#463fc47f13ec0688a33aec75d078a0541a447199"
  integrity sha512-HzNRZtp4eepNitP+BD6k2L6DROIDG4Q0fm4x+dwfsr6LGmROENnok75VGw40628xf+iR24WeMFcHuuBDUAzzsQ==

is-promise@^4.0.0:
  version "4.0.0"
  resolved "https://registry.yarnpkg.com/is-promise/-/is-promise-4.0.0.tgz#42ff9f84206c1991d26debf520dd5c01042dd2f3"
  integrity sha512-hvpoI6korhJMnej285dSg6nu1+e6uxs7zG3BYAm5byqDsgJNWwxzM6z6iZiAgQR4TJ30JmBTOwqZUw3WlyH3AQ==
